
Microsoft Visual Studio Solution File, Format Version 12.00
# Visual Studio Version 17
VisualStudioVersion = 17.8.34511.84
MinimumVisualStudioVersion = 10.0.40219.1
Project("{FAE04EC0-301F-11D3-BF4B-00C04F79EFBC}") = "LinqPerformance", "LinqPerformance\LinqPerformance.csproj", "{0DA40464-77EC-4524-8A00-A387C3846BD7}"
EndProject
Global
	GlobalSection(SolutionConfigurationPlatforms) = preSolution
		Debug|Any CPU = Debug|Any CPU
		Release|Any CPU = Release|Any CPU
	EndGlobalSection
	GlobalSection(ProjectConfigurationPlatforms) = postSolution
		{0DA40464-77EC-4524-8A00-A387C3846BD7}.Debug|Any CPU.ActiveCfg = Debug|Any CPU
		{0DA40464-77EC-4524-8A00-A387C3846BD7}.Debug|Any CPU.Build.0 = Debug|Any CPU
		{0DA40464-77EC-4524-8A00-A387C3846BD7}.Release|Any CPU.ActiveCfg = Release|Any CPU
		{0DA40464-77EC-4524-8A00-A387C3846BD7}.Release|Any CPU.Build.0 = Release|Any CPU
	EndGlobalSection
	GlobalSection(SolutionProperties) = preSolution
		HideSolutionNode = FALSE
	EndGlobalSection
	GlobalSection(ExtensibilityGlobals) = postSolution
		SolutionGuid = {4FC128DE-0018-4720-B28A-B2BAC2998AD1}
	EndGlobalSection
EndGlobal
